
Microsoft Visual Studio Solution File, Format Version 10.00
# Visual Studio 2008
Project("{8BC9CEB8-8B4A-11D0-8D11-00A0C91BC942}") = "elfparser", "elfparser.vcproj", "{1BE2DB26-3186-41F0-B52B-9A0327E69177}"
EndProject
Global
	GlobalSection(SolutionConfigurationPlatforms) = preSolution
		Debug|Win32 = Debug|Win32
		Release|Win32 = Release|Win32
	EndGlobalSection
	GlobalSection(ProjectConfigurationPlatforms) = postSolution
		{1BE2DB26-3186-41F0-B52B-9A0327E69177}.Debug|Win32.ActiveCfg = Debug|Win32
		{1BE2DB26-3186-41F0-B52B-9A0327E69177}.Debug|Win32.Build.0 = Debug|Win32
		{1BE2DB26-3186-41F0-B52B-9A0327E69177}.Release|Win32.ActiveCfg = Release|Win32
		{1BE2DB26-3186-41F0-B52B-9A0327E69177}.Release|Win32.Build.0 = Release|Win32
	EndGlobalSection
	GlobalSection(SolutionProperties) = preSolution
		HideSolutionNode = FALSE
	EndGlobalSection
EndGlobal
